
Microsoft Visual Studio Solution File, Format Version 12.00
# Visual Studio Version 17
VisualStudioVersion = 17.6.33723.286
MinimumVisualStudioVersion = 10.0.40219.1
Project("{FAE04EC0-301F-11D3-BF4B-00C04F79EFBC}") = "MaiorNVetor", "MaiorNVetor\MaiorNVetor.csproj", "{1E560D0D-0E64-4765-A921-9B9E85DA1DDC}"
EndProject
Global
	GlobalSection(SolutionConfigurationPlatforms) = preSolution
		Debug|Any CPU = Debug|Any CPU
		Release|Any CPU = Release|Any CPU
	EndGlobalSection
	GlobalSection(ProjectConfigurationPlatforms) = postSolution
		{1E560D0D-0E64-4765-A921-9B9E85DA1DDC}.Debug|Any CPU.ActiveCfg = Debug|Any CPU
		{1E560D0D-0E64-4765-A921-9B9E85DA1DDC}.Debug|Any CPU.Build.0 = Debug|Any CPU
		{1E560D0D-0E64-4765-A921-9B9E85DA1DDC}.Release|Any CPU.ActiveCfg = Release|Any CPU
		{1E560D0D-0E64-4765-A921-9B9E85DA1DDC}.Release|Any CPU.Build.0 = Release|Any CPU
	EndGlobalSection
	GlobalSection(SolutionProperties) = preSolution
		HideSolutionNode = FALSE
	EndGlobalSection
	GlobalSection(ExtensibilityGlobals) = postSolution
		SolutionGuid = {385145EB-05C4-4651-9BB2-F71F366ED9C8}
	EndGlobalSection
EndGlobal
